
Microsoft Visual Studio Solution File, Format Version 12.00
# Visual Studio 14
VisualStudioVersion = 14.0.23107.0
MinimumVisualStudioVersion = 10.0.40219.1
Project("{FAE04EC0-301F-11D3-BF4B-00C04F79EFBC}") = "notaPonderada", "notaPonderada\notaPonderada.csproj", "{36CC12CA-C86D-42AE-B3D4-2AA89C8C6916}"
EndProject
Global
	GlobalSection(SolutionConfigurationPlatforms) = preSolution
		Debug|Any CPU = Debug|Any CPU
		Release|Any CPU = Release|Any CPU
	EndGlobalSection
	GlobalSection(ProjectConfigurationPlatforms) = postSolution
		{36CC12CA-C86D-42AE-B3D4-2AA89C8C6916}.Debug|Any CPU.ActiveCfg = Debug|Any CPU
		{36CC12CA-C86D-42AE-B3D4-2AA89C8C6916}.Debug|Any CPU.Build.0 = Debug|Any CPU
		{36CC12CA-C86D-42AE-B3D4-2AA89C8C6916}.Release|Any CPU.ActiveCfg = Release|Any CPU
		{36CC12CA-C86D-42AE-B3D4-2AA89C8C6916}.Release|Any CPU.Build.0 = Release|Any CPU
	EndGlobalSection
	GlobalSection(SolutionProperties) = preSolution
		HideSolutionNode = FALSE
	EndGlobalSection
EndGlobal
